
Microsoft Visual Studio Solution File, Format Version 12.00
# Visual Studio Version 17
VisualStudioVersion = 17.9.34723.18
MinimumVisualStudioVersion = 10.0.40219.1
Project("{FAE04EC0-301F-11D3-BF4B-00C04F79EFBC}") = "WindowsFormsApp2", "WindowsFormsApp2.csproj", "{E01B9229-C063-42FC-B6C3-771FF5574BB2}"
EndProject
Global
	GlobalSection(SolutionConfigurationPlatforms) = preSolution
		Debug|Any CPU = Debug|Any CPU
		Release|Any CPU = Release|Any CPU
	EndGlobalSection
	GlobalSection(ProjectConfigurationPlatforms) = postSolution
		{E01B9229-C063-42FC-B6C3-771FF5574BB2}.Debug|Any CPU.ActiveCfg = Debug|Any CPU
		{E01B9229-C063-42FC-B6C3-771FF5574BB2}.Debug|Any CPU.Build.0 = Debug|Any CPU
		{E01B9229-C063-42FC-B6C3-771FF5574BB2}.Release|Any CPU.ActiveCfg = Release|Any CPU
		{E01B9229-C063-42FC-B6C3-771FF5574BB2}.Release|Any CPU.Build.0 = Release|Any CPU
	EndGlobalSection
	GlobalSection(SolutionProperties) = preSolution
		HideSolutionNode = FALSE
	EndGlobalSection
	GlobalSection(ExtensibilityGlobals) = postSolution
		SolutionGuid = {6686C0A9-82D8-4DAF-BA83-37B22FFEACF9}
	EndGlobalSection
EndGlobal
